
Microsoft Visual Studio Solution File, Format Version 12.00
# Visual Studio Version 17
VisualStudioVersion = 17.6.33801.468
MinimumVisualStudioVersion = 10.0.40219.1
Project("{9A19103F-16F7-4668-BE54-9A1E7A4F7556}") = "Cadastro Check in", "Cadastro Check in.csproj", "{D31DAB9E-C2DF-436F-BABF-2F6DA1D04CC2}"
EndProject
Global
	GlobalSection(SolutionConfigurationPlatforms) = preSolution
		Debug|Any CPU = Debug|Any CPU
		Release|Any CPU = Release|Any CPU
	EndGlobalSection
	GlobalSection(ProjectConfigurationPlatforms) = postSolution
		{D31DAB9E-C2DF-436F-BABF-2F6DA1D04CC2}.Debug|Any CPU.ActiveCfg = Debug|Any CPU
		{D31DAB9E-C2DF-436F-BABF-2F6DA1D04CC2}.Debug|Any CPU.Build.0 = Debug|Any CPU
		{D31DAB9E-C2DF-436F-BABF-2F6DA1D04CC2}.Release|Any CPU.ActiveCfg = Release|Any CPU
		{D31DAB9E-C2DF-436F-BABF-2F6DA1D04CC2}.Release|Any CPU.Build.0 = Release|Any CPU
	EndGlobalSection
	GlobalSection(SolutionProperties) = preSolution
		HideSolutionNode = FALSE
	EndGlobalSection
	GlobalSection(ExtensibilityGlobals) = postSolution
		SolutionGuid = {D05A5C4C-EB79-4BC8-ADD8-6BB26F83577A}
	EndGlobalSection
EndGlobal
